// !$*UTF8*$!
{
	archiveVersion = 1;
	classes = {
	};
	objectVersion = 46;
	objects = {

/* Begin PBXBuildFile section */
		0646436C1BB895CF008737D3 /* main.m in Sources */ = {isa = PBXBuildFile; fileRef = 0646436B1BB895CF008737D3 /* main.m */; };
		0646436F1BB895CF008737D3 /* AppDelegate.m in Sources */ = {isa = PBXBuildFile; fileRef = 0646436E1BB895CF008737D3 /* AppDelegate.m */; };
		064643751BB895CF008737D3 /* Main.storyboard in Resources */ = {isa = PBXBuildFile; fileRef = 064643731BB895CF008737D3 /* Main.storyboard */; };
		064643771BB895CF008737D3 /* Assets.xcassets in Resources */ = {isa = PBXBuildFile; fileRef = 064643761BB895CF008737D3 /* Assets.xcassets */; };
		0646437A1BB895CF008737D3 /* LaunchScreen.storyboard in Resources */ = {isa = PBXBuildFile; fileRef = 064643781BB895CF008737D3 /* LaunchScreen.storyboard */; };
		064643821BB89866008737D3 /* MapKit.framework in Frameworks */ = {isa = PBXBuildFile; fileRef = 064643811BB89866008737D3 /* MapKit.framework */; };
		064643841BB8988F008737D3 /* CoreLocation.framework in Frameworks */ = {isa = PBXBuildFile; fileRef = 064643831BB8988F008737D3 /* CoreLocation.framework */; };
		064643871BB8A1A1008737D3 /* MapsViewController.m in Sources */ = {isa = PBXBuildFile; fileRef = 064643861BB8A1A1008737D3 /* MapsViewController.m */; settings = {ASSET_TAGS = (); }; };
		064643891BB8AC8B008737D3 /* Kampus.gpx in Resources */ = {isa = PBXBuildFile; fileRef = 064643881BB8AC8B008737D3 /* Kampus.gpx */; settings = {ASSET_TAGS = (); }; };
		0646438B1BB8BE9D008737D3 /* iAd.framework in Frameworks */ = {isa = PBXBuildFile; fileRef = 0646438A1BB8BE9D008737D3 /* iAd.framework */; };
		06BAA9C31BB98FEB0050C75B /* InfoViewController.m in Sources */ = {isa = PBXBuildFile; fileRef = 06BAA9C21BB98FEB0050C75B /* InfoViewController.m */; settings = {ASSET_TAGS = (); }; };
		06BAA9C91BB9B2FE0050C75B /* Alerts.m in Sources */ = {isa = PBXBuildFile; fileRef = 06BAA9C81BB9B2FE0050C75B /* Alerts.m */; settings = {ASSET_TAGS = (); }; };
		06C078211BBEA5B800272136 /* DBManager.m in Sources */ = {isa = PBXBuildFile; fileRef = 06C078201BBEA5B800272136 /* DBManager.m */; settings = {ASSET_TAGS = (); }; };
		06C078231BBEA60B00272136 /* libsqlite3.tbd in Frameworks */ = {isa = PBXBuildFile; fileRef = 06C078221BBEA60B00272136 /* libsqlite3.tbd */; };
		06C078251BBEA8A100272136 /* PharmacyData.sql in Resources */ = {isa = PBXBuildFile; fileRef = 06C078241BBEA8A100272136 /* PharmacyData.sql */; settings = {ASSET_TAGS = (); }; };
/* End PBXBuildFile section */

/* Begin PBXFileReference section */
		064643671BB895CF008737D3 /* Pharmacy.app */ = {isa = PBXFileReference; explicitFileType = wrapper.application; includeInIndex = 0; path = Pharmacy.app; sourceTree = BUILT_PRODUCTS_DIR; };
		0646436B1BB895CF008737D3 /* main.m */ = {isa = PBXFileReference; lastKnownFileType = sourcecode.c.objc; path = main.m; sourceTree = "<group>"; };
		0646436D1BB895CF008737D3 /* AppDelegate.h */ = {isa = PBXFileReference; lastKnownFileType = sourcecode.c.h; path = AppDelegate.h; sourceTree = "<group>"; };
		0646436E1BB895CF008737D3 /* AppDelegate.m */ = {isa = PBXFileReference; lastKnownFileType = sourcecode.c.objc; path = AppDelegate.m; sourceTree = "<group>"; };
		064643741BB895CF008737D3 /* Base */ = {isa = PBXFileReference; lastKnownFileType = file.storyboard; name = Base; path = Base.lproj/Main.storyboard; sourceTree = "<group>"; };
		064643761BB895CF008737D3 /* Assets.xcassets */ = {isa = PBXFileReference; lastKnownFileType = folder.assetcatalog; path = Assets.xcassets; sourceTree = "<group>"; };
		064643791BB895CF008737D3 /* Base */ = {isa = PBXFileReference; lastKnownFileType = file.storyboard; name = Base; path = Base.lproj/LaunchScreen.storyboard; sourceTree = "<group>"; };
		0646437B1BB895CF008737D3 /* Info.plist */ = {isa = PBXFileReference; lastKnownFileType = text.plist.xml; path = Info.plist; sourceTree = "<group>"; };
		064643811BB89866008737D3 /* MapKit.framework */ = {isa = PBXFileReference; lastKnownFileType = wrapper.framework; name = MapKit.framework; path = System/Library/Frameworks/MapKit.framework; sourceTree = SDKROOT; };
		064643831BB8988F008737D3 /* CoreLocation.framework */ = {isa = PBXFileReference; lastKnownFileType = wrapper.framework; name = CoreLocation.framework; path = System/Library/Frameworks/CoreLocation.framework; sourceTree = SDKROOT; };
		064643851BB8A1A1008737D3 /* MapsViewController.h */ = {isa = PBXFileReference; fileEncoding = 4; lastKnownFileType = sourcecode.c.h; path = MapsViewController.h; sourceTree = "<group>"; };
		064643861BB8A1A1008737D3 /* MapsViewController.m */ = {isa = PBXFileReference; fileEncoding = 4; lastKnownFileType = sourcecode.c.objc; path = MapsViewController.m; sourceTree = "<group>"; };
		064643881BB8AC8B008737D3 /* Kampus.gpx */ = {isa = PBXFileReference; fileEncoding = 4; lastKnownFileType = text.xml; path = Kampus.gpx; sourceTree = "<group>"; };
		0646438A1BB8BE9D008737D3 /* iAd.framework */ = {isa = PBXFileReference; lastKnownFileType = wrapper.framework; name = iAd.framework; path = System/Library/Frameworks/iAd.framework; sourceTree = SDKROOT; };
		06BAA9C11BB98FEB0050C75B /* InfoViewController.h */ = {isa = PBXFileReference; fileEncoding = 4; lastKnownFileType = sourcecode.c.h; path = InfoViewController.h; sourceTree = "<group>"; };
		06BAA9C21BB98FEB0050C75B /* InfoViewController.m */ = {isa = PBXFileReference; fileEncoding = 4; lastKnownFileType = sourcecode.c.objc; path = InfoViewController.m; sourceTree = "<group>"; };
		06BAA9C81BB9B2FE0050C75B /* Alerts.m */ = {isa = PBXFileReference; fileEncoding = 4; lastKnownFileType = sourcecode.c.objc; path = Alerts.m; sourceTree = "<group>"; };
		06BAA9CA1BB9B30B0050C75B /* Alerts.h */ = {isa = PBXFileReference; lastKnownFileType = sourcecode.c.h; path = Alerts.h; sourceTree = "<group>"; };
		06C0781F1BBEA5B800272136 /* DBManager.h */ = {isa = PBXFileReference; fileEncoding = 4; lastKnownFileType = sourcecode.c.h; path = DBManager.h; sourceTree = "<group>"; };
		06C078201BBEA5B800272136 /* DBManager.m */ = {isa = PBXFileReference; fileEncoding = 4; lastKnownFileType = sourcecode.c.objc; path = DBManager.m; sourceTree = "<group>"; };
		06C078221BBEA60B00272136 /* libsqlite3.tbd */ = {isa = PBXFileReference; lastKnownFileType = "sourcecode.text-based-dylib-definition"; name = libsqlite3.tbd; path = usr/lib/libsqlite3.tbd; sourceTree = SDKROOT; };
		06C078241BBEA8A100272136 /* PharmacyData.sql */ = {isa = PBXFileReference; lastKnownFileType = file; path = PharmacyData.sql; sourceTree = "<group>"; };
/* End PBXFileReference section */

/* Begin PBXFrameworksBuildPhase section */
		064643641BB895CF008737D3 /* Frameworks */ = {
			isa = PBXFrameworksBuildPhase;
			buildActionMask = 2147483647;
			files = (
				06C078231BBEA60B00272136 /* libsqlite3.tbd in Frameworks */,
				0646438B1BB8BE9D008737D3 /* iAd.framework in Frameworks */,
				064643841BB8988F008737D3 /* CoreLocation.framework in Frameworks */,
				064643821BB89866008737D3 /* MapKit.framework in Frameworks */,
			);
			runOnlyForDeploymentPostprocessing = 0;
		};
/* End PBXFrameworksBuildPhase section */

/* Begin PBXGroup section */
		0646435E1BB895CF008737D3 = {
			isa = PBXGroup;
			children = (
				06C0781E1BBEA57600272136 /* Frameworks */,
				064643691BB895CF008737D3 /* Pharmacy */,
				064643681BB895CF008737D3 /* Products */,
			);
			sourceTree = "<group>";
		};
		064643681BB895CF008737D3 /* Products */ = {
			isa = PBXGroup;
			children = (
				064643671BB895CF008737D3 /* Pharmacy.app */,
			);
			name = Products;
			sourceTree = "<group>";
		};
		064643691BB895CF008737D3 /* Pharmacy */ = {
			isa = PBXGroup;
			children = (
				0646436D1BB895CF008737D3 /* AppDelegate.h */,
				0646436E1BB895CF008737D3 /* AppDelegate.m */,
				064643731BB895CF008737D3 /* Main.storyboard */,
				064643851BB8A1A1008737D3 /* MapsViewController.h */,
				064643861BB8A1A1008737D3 /* MapsViewController.m */,
				06BAA9CA1BB9B30B0050C75B /* Alerts.h */,
				06BAA9C81BB9B2FE0050C75B /* Alerts.m */,
				06BAA9C11BB98FEB0050C75B /* InfoViewController.h */,
				06BAA9C21BB98FEB0050C75B /* InfoViewController.m */,
				064643761BB895CF008737D3 /* Assets.xcassets */,
				064643781BB895CF008737D3 /* LaunchScreen.storyboard */,
				0646437B1BB895CF008737D3 /* Info.plist */,
				0646436A1BB895CF008737D3 /* Supporting Files */,
				06C0781F1BBEA5B800272136 /* DBManager.h */,
				06C078201BBEA5B800272136 /* DBManager.m */,
				06C078241BBEA8A100272136 /* PharmacyData.sql */,
			);
			path = Pharmacy;
			sourceTree = "<group>";
		};
		0646436A1BB895CF008737D3 /* Supporting Files */ = {
			isa = PBXGroup;
			children = (
				064643881BB8AC8B008737D3 /* Kampus.gpx */,
				0646436B1BB895CF008737D3 /* main.m */,
			);
			name = "Supporting Files";
			sourceTree = "<group>";
		};
		06C0781E1BBEA57600272136 /* Frameworks */ = {
			isa = PBXGroup;
			children = (
				06C078221BBEA60B00272136 /* libsqlite3.tbd */,
				0646438A1BB8BE9D008737D3 /* iAd.framework */,
				064643831BB8988F008737D3 /* CoreLocation.framework */,
				064643811BB89866008737D3 /* MapKit.framework */,
			);
			name = Frameworks;
			sourceTree = "<group>";
		};
/* End PBXGroup section */

/* Begin PBXNativeTarget section */
		064643661BB895CF008737D3 /* Pharmacy */ = {
			isa = PBXNativeTarget;
			buildConfigurationList = 0646437E1BB895CF008737D3 /* Build configuration list for PBXNativeTarget "Pharmacy" */;
			buildPhases = (
				064643631BB895CF008737D3 /* Sources */,
				064643641BB895CF008737D3 /* Frameworks */,
				064643651BB895CF008737D3 /* Resources */,
			);
			buildRules = (
			);
			dependencies = (
			);
			name = Pharmacy;
			productName = Pharmacy;
			productReference = 064643671BB895CF008737D3 /* Pharmacy.app */;
			productType = "com.apple.product-type.application";
		};
/* End PBXNativeTarget section */

/* Begin PBXProject section */
		0646435F1BB895CF008737D3 /* Project object */ = {
			isa = PBXProject;
			attributes = {
				LastUpgradeCheck = 0700;
				ORGANIZATIONNAME = "Jasmin Abou Aldan";
				TargetAttributes = {
					064643661BB895CF008737D3 = {
						CreatedOnToolsVersion = 7.0;
						SystemCapabilities = {
							com.apple.Maps.iOS = {
								enabled = 1;
							};
						};
					};
				};
			};
			buildConfigurationList = 064643621BB895CF008737D3 /* Build configuration list for PBXProject "Pharmacy" */;
			compatibilityVersion = "Xcode 3.2";
			developmentRegion = English;
			hasScannedForEncodings = 0;
			knownRegions = (
				en,
				Base,
			);
			mainGroup = 0646435E1BB895CF008737D3;
			productRefGroup = 064643681BB895CF008737D3 /* Products */;
			projectDirPath = "";
			projectRoot = "";
			targets = (
				064643661BB895CF008737D3 /* Pharmacy */,
			);
		};
/* End PBXProject section */

/* Begin PBXResourcesBuildPhase section */
		064643651BB895CF008737D3 /* Resources */ = {
			isa = PBXResourcesBuildPhase;
			buildActionMask = 2147483647;
			files = (
				064643891BB8AC8B008737D3 /* Kampus.gpx in Resources */,
				06C078251BBEA8A100272136 /* PharmacyData.sql in Resources */,
				0646437A1BB895CF008737D3 /* LaunchScreen.storyboard in Resources */,
				064643771BB895CF008737D3 /* Assets.xcassets in Resources */,
				064643751BB895CF008737D3 /* Main.storyboard in Resources */,
			);
			runOnlyForDeploymentPostprocessing = 0;
		};
/* End PBXResourcesBuildPhase section */

/* Begin PBXSourcesBuildPhase section */
		064643631BB895CF008737D3 /* Sources */ = {
			isa = PBXSourcesBuildPhase;
			buildActionMask = 2147483647;
			files = (
				0646436F1BB895CF008737D3 /* AppDelegate.m in Sources */,
				0646436C1BB895CF008737D3 /* main.m in Sources */,
				06BAA9C91BB9B2FE0050C75B /* Alerts.m in Sources */,
				06C078211BBEA5B800272136 /* DBManager.m in Sources */,
				06BAA9C31BB98FEB0050C75B /* InfoViewController.m in Sources */,
				064643871BB8A1A1008737D3 /* MapsViewController.m in Sources */,
			);
			runOnlyForDeploymentPostprocessing = 0;
		};
/* End PBXSourcesBuildPhase section */

/* Begin PBXVariantGroup section */
		064643731BB895CF008737D3 /* Main.storyboard */ = {
			isa = PBXVariantGroup;
			children = (
				064643741BB895CF008737D3 /* Base */,
			);
			name = Main.storyboard;
			sourceTree = "<group>";
		};
		064643781BB895CF008737D3 /* LaunchScreen.storyboard */ = {
			isa = PBXVariantGroup;
			children = (
				064643791BB895CF008737D3 /* Base */,
			);
			name = LaunchScreen.storyboard;
			sourceTree = "<group>";
		};
/* End PBXVariantGroup section */

/* Begin XCBuildConfiguration section */
		0646437C1BB895CF008737D3 /* Debug */ = {
			isa = XCBuildConfiguration;
			buildSettings = {
				ALWAYS_SEARCH_USER_PATHS = NO;
				CLANG_CXX_LANGUAGE_STANDARD = "gnu++0x";
				CLANG_CXX_LIBRARY = "libc++";
				CLANG_ENABLE_MODULES = YES;
				CLANG_ENABLE_OBJC_ARC = YES;
				CLANG_WARN_BOOL_CONVERSION = YES;
				CLANG_WARN_CONSTANT_CONVERSION = YES;
				CLANG_WARN_DIRECT_OBJC_ISA_USAGE = YES_ERROR;
				CLANG_WARN_EMPTY_BODY = YES;
				CLANG_WARN_ENUM_CONVERSION = YES;
				CLANG_WARN_INT_CONVERSION = YES;
				CLANG_WARN_OBJC_ROOT_CLASS = YES_ERROR;
				CLANG_WARN_UNREACHABLE_CODE = YES;
				CLANG_WARN__DUPLICATE_METHOD_MATCH = YES;
				"CODE_SIGN_IDENTITY[sdk=iphoneos*]" = "iPhone Developer";
				COPY_PHASE_STRIP = NO;
				DEBUG_INFORMATION_FORMAT = dwarf;
				ENABLE_STRICT_OBJC_MSGSEND = YES;
				ENABLE_TESTABILITY = YES;
				GCC_C_LANGUAGE_STANDARD = gnu99;
				GCC_DYNAMIC_NO_PIC = NO;
				GCC_NO_COMMON_BLOCKS = YES;
				GCC_OPTIMIZATION_LEVEL = 0;
				GCC_PREPROCESSOR_DEFINITIONS = (
					"DEBUG=1",
					"$(inherited)",
				);
				GCC_WARN_64_TO_32_BIT_CONVERSION = YES;
				GCC_WARN_ABOUT_RETURN_TYPE = YES_ERROR;
				GCC_WARN_UNDECLARED_SELECTOR = YES;
				GCC_WARN_UNINITIALIZED_AUTOS = YES_AGGRESSIVE;
				GCC_WARN_UNUSED_FUNCTION = YES;
				GCC_WARN_UNUSED_VARIABLE = YES;
				IPHONEOS_DEPLOYMENT_TARGET = 9.0;
				MTL_ENABLE_DEBUG_INFO = YES;
				ONLY_ACTIVE_ARCH = YES;
				OTHER_LDFLAGS = "";
				SDKROOT = iphoneos;
			};
			name = Debug;
		};
		0646437D1BB895CF008737D3 /* Release */ = {
			isa = XCBuildConfiguration;
			buildSettings = {
				ALWAYS_SEARCH_USER_PATHS = NO;
				CLANG_CXX_LANGUAGE_STANDARD = "gnu++0x";
				CLANG_CXX_LIBRARY = "libc++";
				CLANG_ENABLE_MODULES = YES;
				CLANG_ENABLE_OBJC_ARC = YES;
				CLANG_WARN_BOOL_CONVERSION = YES;
				CLANG_WARN_CONSTANT_CONVERSION = YES;
				CLANG_WARN_DIRECT_OBJC_ISA_USAGE = YES_ERROR;
				CLANG_WARN_EMPTY_BODY = YES;
				CLANG_WARN_ENUM_CONVERSION = YES;
				CLANG_WARN_INT_CONVERSION = YES;
				CLANG_WARN_OBJC_ROOT_CLASS = YES_ERROR;
				CLANG_WARN_UNREACHABLE_CODE = YES;
				CLANG_WARN__DUPLICATE_METHOD_MATCH = YES;
				"CODE_SIGN_IDENTITY[sdk=iphoneos*]" = "iPhone Developer";
				COPY_PHASE_STRIP = NO;
				DEBUG_INFORMATION_FORMAT = "dwarf-with-dsym";
				ENABLE_NS_ASSERTIONS = NO;
				ENABLE_STRICT_OBJC_MSGSEND = YES;
				GCC_C_LANGUAGE_STANDARD = gnu99;
				GCC_NO_COMMON_BLOCKS = YES;
				GCC_WARN_64_TO_32_BIT_CONVERSION = YES;
				GCC_WARN_ABOUT_RETURN_TYPE = YES_ERROR;
				GCC_WARN_UNDECLARED_SELECTOR = YES;
				GCC_WARN_UNINITIALIZED_AUTOS = YES_AGGRESSIVE;
				GCC_WARN_UNUSED_FUNCTION = YES;
				GCC_WARN_UNUSED_VARIABLE = YES;
				IPHONEOS_DEPLOYMENT_TARGET = 9.0;
				MTL_ENABLE_DEBUG_INFO = NO;
				OTHER_LDFLAGS = "";
				SDKROOT = iphoneos;
				VALIDATE_PRODUCT = YES;
			};
			name = Release;
		};
		0646437F1BB895CF008737D3 /* Debug */ = {
			isa = XCBuildConfiguration;
			buildSettings = {
				ASSETCATALOG_COMPILER_APPICON_NAME = AppIcon;
				ASSETCATALOG_COMPILER_LAUNCHIMAGE_NAME = BrandAsset;
				INFOPLIST_FILE = Pharmacy/Info.plist;
				IPHONEOS_DEPLOYMENT_TARGET = 7.0;
				LD_RUNPATH_SEARCH_PATHS = "$(inherited) @executable_path/Frameworks";
				PRODUCT_BUNDLE_IDENTIFIER = com.AbouAldan.Pharmacy;
				PRODUCT_NAME = "$(TARGET_NAME)";
			};
			name = Debug;
		};
		064643801BB895CF008737D3 /* Release */ = {
			isa = XCBuildConfiguration;
			buildSettings = {
				ASSETCATALOG_COMPILER_APPICON_NAME = AppIcon;
				ASSETCATALOG_COMPILER_LAUNCHIMAGE_NAME = BrandAsset;
				INFOPLIST_FILE = Pharmacy/Info.plist;
				IPHONEOS_DEPLOYMENT_TARGET = 7.0;
				LD_RUNPATH_SEARCH_PATHS = "$(inherited) @executable_path/Frameworks";
				PRODUCT_BUNDLE_IDENTIFIER = com.AbouAldan.Pharmacy;
				PRODUCT_NAME = "$(TARGET_NAME)";
			};
			name = Release;
		};
/* End XCBuildConfiguration section */

/* Begin XCConfigurationList section */
		064643621BB895CF008737D3 /* Build configuration list for PBXProject "Pharmacy" */ = {
			isa = XCConfigurationList;
			buildConfigurations = (
				0646437C1BB895CF008737D3 /* Debug */,
				0646437D1BB895CF008737D3 /* Release */,
			);
			defaultConfigurationIsVisible = 0;
			defaultConfigurationName = Release;
		};
		0646437E1BB895CF008737D3 /* Build configuration list for PBXNativeTarget "Pharmacy" */ = {
			isa = XCConfigurationList;
			buildConfigurations = (
				0646437F1BB895CF008737D3 /* Debug */,
				064643801BB895CF008737D3 /* Release */,
			);
			defaultConfigurationIsVisible = 0;
			defaultConfigurationName = Release;
		};
/* End XCConfigurationList section */
	};
	rootObject = 0646435F1BB895CF008737D3 /* Project object */;
}
